
Microsoft Visual Studio Solution File, Format Version 10.00
# Visual Studio 2008
Project("{8BC9CEB8-8B4A-11D0-8D11-00A0C91BC942}") = "apr", "apr.vcproj", "{41E24729-1A5A-425C-BDF9-B55E4EE36924}"
EndProject
Project("{8BC9CEB8-8B4A-11D0-8D11-00A0C91BC942}") = "aprapp", "build\aprapp.vcproj", "{972B9819-1750-49D1-85C7-9A961371ED64}"
	ProjectSection(ProjectDependencies) = postProject
		{569FD9CA-5ADC-4B23-AD53-1570E1627F5E} = {569FD9CA-5ADC-4B23-AD53-1570E1627F5E}
	EndProjectSection
EndProject
Project("{8BC9CEB8-8B4A-11D0-8D11-00A0C91BC942}") = "libapr", "libapr.vcproj", "{BCCDBD8C-9EEF-4E19-AC0C-5B58B1B1C5E2}"
EndProject
Project("{8BC9CEB8-8B4A-11D0-8D11-00A0C91BC942}") = "libaprapp", "build\libaprapp.vcproj", "{2DB7BFCD-3E98-46C7-BC4F-1EA4CDE92554}"
	ProjectSection(ProjectDependencies) = postProject
		{5D2F6DD8-0E0C-459C-BA86-0C4FE87AD45A} = {5D2F6DD8-0E0C-459C-BA86-0C4FE87AD45A}
	EndProjectSection
EndProject
Project("{8BC9CEB8-8B4A-11D0-8D11-00A0C91BC942}") = "preaprapp", "build\preaprapp.vcproj", "{569FD9CA-5ADC-4B23-AD53-1570E1627F5E}"
	ProjectSection(ProjectDependencies) = postProject
		{41E24729-1A5A-425C-BDF9-B55E4EE36924} = {41E24729-1A5A-425C-BDF9-B55E4EE36924}
	EndProjectSection
EndProject
Project("{8BC9CEB8-8B4A-11D0-8D11-00A0C91BC942}") = "prelibaprapp", "build\prelibaprapp.vcproj", "{5D2F6DD8-0E0C-459C-BA86-0C4FE87AD45A}"
	ProjectSection(ProjectDependencies) = postProject
		{BCCDBD8C-9EEF-4E19-AC0C-5B58B1B1C5E2} = {BCCDBD8C-9EEF-4E19-AC0C-5B58B1B1C5E2}
	EndProjectSection
EndProject
Global
	GlobalSection(SolutionConfigurationPlatforms) = preSolution
		Debug|Win32 = Debug|Win32
		Debug|x64 = Debug|x64
		Debug9x|Win32 = Debug9x|Win32
		Debug9x|x64 = Debug9x|x64
		Release|Win32 = Release|Win32
		Release|x64 = Release|x64
		Release9x|Win32 = Release9x|Win32
		Release9x|x64 = Release9x|x64
	EndGlobalSection
	GlobalSection(ProjectConfigurationPlatforms) = postSolution
		{41E24729-1A5A-425C-BDF9-B55E4EE36924}.Debug|Win32.ActiveCfg = Debug|Win32
		{41E24729-1A5A-425C-BDF9-B55E4EE36924}.Debug|Win32.Build.0 = Debug|Win32
		{41E24729-1A5A-425C-BDF9-B55E4EE36924}.Debug|x64.ActiveCfg = Debug|x64
		{41E24729-1A5A-425C-BDF9-B55E4EE36924}.Debug|x64.Build.0 = Debug|x64
		{41E24729-1A5A-425C-BDF9-B55E4EE36924}.Debug9x|Win32.ActiveCfg = Debug9x|Win32
		{41E24729-1A5A-425C-BDF9-B55E4EE36924}.Debug9x|Win32.Build.0 = Debug9x|Win32
		{41E24729-1A5A-425C-BDF9-B55E4EE36924}.Debug9x|x64.ActiveCfg = Debug9x|x64
		{41E24729-1A5A-425C-BDF9-B55E4EE36924}.Debug9x|x64.Build.0 = Debug9x|x64
		{41E24729-1A5A-425C-BDF9-B55E4EE36924}.Release|Win32.ActiveCfg = Release|Win32
		{41E24729-1A5A-425C-BDF9-B55E4EE36924}.Release|Win32.Build.0 = Release|Win32
		{41E24729-1A5A-425C-BDF9-B55E4EE36924}.Release|x64.ActiveCfg = Release|x64
		{41E24729-1A5A-425C-BDF9-B55E4EE36924}.Release|x64.Build.0 = Release|x64
		{41E24729-1A5A-425C-BDF9-B55E4EE36924}.Release9x|Win32.ActiveCfg = Release9x|Win32
		{41E24729-1A5A-425C-BDF9-B55E4EE36924}.Release9x|Win32.Build.0 = Release9x|Win32
		{41E24729-1A5A-425C-BDF9-B55E4EE36924}.Release9x|x64.ActiveCfg = Release9x|x64
		{41E24729-1A5A-425C-BDF9-B55E4EE36924}.Release9x|x64.Build.0 = Release9x|x64
		{972B9819-1750-49D1-85C7-9A961371ED64}.Debug|Win32.ActiveCfg = Debug|Win32
		{972B9819-1750-49D1-85C7-9A961371ED64}.Debug|Win32.Build.0 = Debug|Win32
		{972B9819-1750-49D1-85C7-9A961371ED64}.Debug|x64.ActiveCfg = Debug|x64
		{972B9819-1750-49D1-85C7-9A961371ED64}.Debug|x64.Build.0 = Debug|x64
		{972B9819-1750-49D1-85C7-9A961371ED64}.Debug9x|Win32.ActiveCfg = Debug9x|Win32
		{972B9819-1750-49D1-85C7-9A961371ED64}.Debug9x|Win32.Build.0 = Debug9x|Win32
		{972B9819-1750-49D1-85C7-9A961371ED64}.Debug9x|x64.ActiveCfg = Debug9x|x64
		{972B9819-1750-49D1-85C7-9A961371ED64}.Debug9x|x64.Build.0 = Debug9x|x64
		{972B9819-1750-49D1-85C7-9A961371ED64}.Release|Win32.ActiveCfg = Release|Win32
		{972B9819-1750-49D1-85C7-9A961371ED64}.Release|Win32.Build.0 = Release|Win32
		{972B9819-1750-49D1-85C7-9A961371ED64}.Release|x64.ActiveCfg = Release|x64
		{972B9819-1750-49D1-85C7-9A961371ED64}.Release|x64.Build.0 = Release|x64
		{972B9819-1750-49D1-85C7-9A961371ED64}.Release9x|Win32.ActiveCfg = Release9x|Win32
		{972B9819-1750-49D1-85C7-9A961371ED64}.Release9x|Win32.Build.0 = Release9x|Win32
		{972B9819-1750-49D1-85C7-9A961371ED64}.Release9x|x64.ActiveCfg = Release9x|x64
		{972B9819-1750-49D1-85C7-9A961371ED64}.Release9x|x64.Build.0 = Release9x|x64
		{BCCDBD8C-9EEF-4E19-AC0C-5B58B1B1C5E2}.Debug|Win32.ActiveCfg = Debug|Win32
		{BCCDBD8C-9EEF-4E19-AC0C-5B58B1B1C5E2}.Debug|Win32.Build.0 = Debug|Win32
		{BCCDBD8C-9EEF-4E19-AC0C-5B58B1B1C5E2}.Debug|x64.ActiveCfg = Debug|x64
		{BCCDBD8C-9EEF-4E19-AC0C-5B58B1B1C5E2}.Debug|x64.Build.0 = Debug|x64
		{BCCDBD8C-9EEF-4E19-AC0C-5B58B1B1C5E2}.Debug9x|Win32.ActiveCfg = Debug9x|Win32
		{BCCDBD8C-9EEF-4E19-AC0C-5B58B1B1C5E2}.Debug9x|Win32.Build.0 = Debug9x|Win32
		{BCCDBD8C-9EEF-4E19-AC0C-5B58B1B1C5E2}.Debug9x|x64.ActiveCfg = Debug9x|x64
		{BCCDBD8C-9EEF-4E19-AC0C-5B58B1B1C5E2}.Debug9x|x64.Build.0 = Debug9x|x64
		{BCCDBD8C-9EEF-4E19-AC0C-5B58B1B1C5E2}.Release|Win32.ActiveCfg = Release|Win32
		{BCCDBD8C-9EEF-4E19-AC0C-5B58B1B1C5E2}.Release|Win32.Build.0 = Release|Win32
		{BCCDBD8C-9EEF-4E19-AC0C-5B58B1B1C5E2}.Release|x64.ActiveCfg = Release|x64
		{BCCDBD8C-9EEF-4E19-AC0C-5B58B1B1C5E2}.Release|x64.Build.0 = Release|x64
		{BCCDBD8C-9EEF-4E19-AC0C-5B58B1B1C5E2}.Release9x|Win32.ActiveCfg = Release9x|Win32
		{BCCDBD8C-9EEF-4E19-AC0C-5B58B1B1C5E2}.Release9x|Win32.Build.0 = Release9x|Win32
		{BCCDBD8C-9EEF-4E19-AC0C-5B58B1B1C5E2}.Release9x|x64.ActiveCfg = Release9x|x64
		{BCCDBD8C-9EEF-4E19-AC0C-5B58B1B1C5E2}.Release9x|x64.Build.0 = Release9x|x64
		{2DB7BFCD-3E98-46C7-BC4F-1EA4CDE92554}.Debug|Win32.ActiveCfg = Debug|Win32
		{2DB7BFCD-3E98-46C7-BC4F-1EA4CDE92554}.Debug|Win32.Build.0 = Debug|Win32
		{2DB7BFCD-3E98-46C7-BC4F-1EA4CDE92554}.Debug|x64.ActiveCfg = Debug|x64
		{2DB7BFCD-3E98-46C7-BC4F-1EA4CDE92554}.Debug|x64.Build.0 = Debug|x64
		{2DB7BFCD-3E98-46C7-BC4F-1EA4CDE92554}.Debug9x|Win32.ActiveCfg = Debug9x|Win32
		{2DB7BFCD-3E98-46C7-BC4F-1EA4CDE92554}.Debug9x|Win32.Build.0 = Debug9x|Win32
		{2DB7BFCD-3E98-46C7-BC4F-1EA4CDE92554}.Debug9x|x64.ActiveCfg = Debug9x|x64
		{2DB7BFCD-3E98-46C7-BC4F-1EA4CDE92554}.Debug9x|x64.Build.0 = Debug9x|x64
		{2DB7BFCD-3E98-46C7-BC4F-1EA4CDE92554}.Release|Win32.ActiveCfg = Release|Win32
		{2DB7BFCD-3E98-46C7-BC4F-1EA4CDE92554}.Release|Win32.Build.0 = Release|Win32
		{2DB7BFCD-3E98-46C7-BC4F-1EA4CDE92554}.Release|x64.ActiveCfg = Release|x64
		{2DB7BFCD-3E98-46C7-BC4F-1EA4CDE92554}.Release|x64.Build.0 = Release|x64
		{2DB7BFCD-3E98-46C7-BC4F-1EA4CDE92554}.Release9x|Win32.ActiveCfg = Release9x|Win32
		{2DB7BFCD-3E98-46C7-BC4F-1EA4CDE92554}.Release9x|Win32.Build.0 = Release9x|Win32
		{2DB7BFCD-3E98-46C7-BC4F-1EA4CDE92554}.Release9x|x64.ActiveCfg = Release9x|x64
		{2DB7BFCD-3E98-46C7-BC4F-1EA4CDE92554}.Release9x|x64.Build.0 = Release9x|x64
		{569FD9CA-5ADC-4B23-AD53-1570E1627F5E}.Debug|Win32.ActiveCfg = Debug|Win32
		{569FD9CA-5ADC-4B23-AD53-1570E1627F5E}.Debug|Win32.Build.0 = Debug|Win32
		{569FD9CA-5ADC-4B23-AD53-1570E1627F5E}.Debug|x64.ActiveCfg = Debug|x64
		{569FD9CA-5ADC-4B23-AD53-1570E1627F5E}.Debug|x64.Build.0 = Debug|x64
		{569FD9CA-5ADC-4B23-AD53-1570E1627F5E}.Debug9x|Win32.ActiveCfg = Debug9x|Win32
		{569FD9CA-5ADC-4B23-AD53-1570E1627F5E}.Debug9x|Win32.Build.0 = Debug9x|Win32
		{569FD9CA-5ADC-4B23-AD53-1570E1627F5E}.Debug9x|x64.ActiveCfg = Debug9x|x64
		{569FD9CA-5ADC-4B23-AD53-1570E1627F5E}.Debug9x|x64.Build.0 = Debug9x|x64
		{569FD9CA-5ADC-4B23-AD53-1570E1627F5E}.Release|Win32.ActiveCfg = Release|Win32
		{569FD9CA-5ADC-4B23-AD53-1570E1627F5E}.Release|Win32.Build.0 = Release|Win32
		{569FD9CA-5ADC-4B23-AD53-1570E1627F5E}.Release|x64.ActiveCfg = Release|x64
		{569FD9CA-5ADC-4B23-AD53-1570E1627F5E}.Release|x64.Build.0 = Release|x64
		{569FD9CA-5ADC-4B23-AD53-1570E1627F5E}.Release9x|Win32.ActiveCfg = Release9x|Win32
		{569FD9CA-5ADC-4B23-AD53-1570E1627F5E}.Release9x|Win32.Build.0 = Release9x|Win32
		{569FD9CA-5ADC-4B23-AD53-1570E1627F5E}.Release9x|x64.ActiveCfg = Release9x|x64
		{569FD9CA-5ADC-4B23-AD53-1570E1627F5E}.Release9x|x64.Build.0 = Release9x|x64
		{5D2F6DD8-0E0C-459C-BA86-0C4FE87AD45A}.Debug|Win32.ActiveCfg = Debug|Win32
		{5D2F6DD8-0E0C-459C-BA86-0C4FE87AD45A}.Debug|Win32.Build.0 = Debug|Win32
		{5D2F6DD8-0E0C-459C-BA86-0C4FE87AD45A}.Debug|x64.ActiveCfg = Debug|x64
		{5D2F6DD8-0E0C-459C-BA86-0C4FE87AD45A}.Debug|x64.Build.0 = Debug|x64
		{5D2F6DD8-0E0C-459C-BA86-0C4FE87AD45A}.Debug9x|Win32.ActiveCfg = Debug9x|Win32
		{5D2F6DD8-0E0C-459C-BA86-0C4FE87AD45A}.Debug9x|Win32.Build.0 = Debug9x|Win32
		{5D2F6DD8-0E0C-459C-BA86-0C4FE87AD45A}.Debug9x|x64.ActiveCfg = Debug9x|x64
		{5D2F6DD8-0E0C-459C-BA86-0C4FE87AD45A}.Debug9x|x64.Build.0 = Debug9x|x64
		{5D2F6DD8-0E0C-459C-BA86-0C4FE87AD45A}.Release|Win32.ActiveCfg = Release|Win32
		{5D2F6DD8-0E0C-459C-BA86-0C4FE87AD45A}.Release|Win32.Build.0 = Release|Win32
		{5D2F6DD8-0E0C-459C-BA86-0C4FE87AD45A}.Release|x64.ActiveCfg = Release|x64
		{5D2F6DD8-0E0C-459C-BA86-0C4FE87AD45A}.Release|x64.Build.0 = Release|x64
		{5D2F6DD8-0E0C-459C-BA86-0C4FE87AD45A}.Release9x|Win32.ActiveCfg = Release9x|Win32
		{5D2F6DD8-0E0C-459C-BA86-0C4FE87AD45A}.Release9x|Win32.Build.0 = Release9x|Win32
		{5D2F6DD8-0E0C-459C-BA86-0C4FE87AD45A}.Release9x|x64.ActiveCfg = Release9x|x64
		{5D2F6DD8-0E0C-459C-BA86-0C4FE87AD45A}.Release9x|x64.Build.0 = Release9x|x64
	EndGlobalSection
	GlobalSection(SolutionProperties) = preSolution
		HideSolutionNode = FALSE
	EndGlobalSection
EndGlobal
